
Microsoft Visual Studio Solution File, Format Version 12.00
# Visual Studio 15
VisualStudioVersion = 15.0.27004.2002
MinimumVisualStudioVersion = 10.0.40219.1
Project("{FAE04EC0-301F-11D3-BF4B-00C04F79EFBC}") = "MyWPF_1", "MyWPF_1\MyWPF_1.csproj", "{7A1C2BDF-9E86-4E5D-ADF9-4B1F887377EE}"
EndProject
Global
	GlobalSection(SolutionConfigurationPlatforms) = preSolution
		Debug|Any CPU = Debug|Any CPU
		Release|Any CPU = Release|Any CPU
	EndGlobalSection
	GlobalSection(ProjectConfigurationPlatforms) = postSolution
		{7A1C2BDF-9E86-4E5D-ADF9-4B1F887377EE}.Debug|Any CPU.ActiveCfg = Debug|Any CPU
		{7A1C2BDF-9E86-4E5D-ADF9-4B1F887377EE}.Debug|Any CPU.Build.0 = Debug|Any CPU
		{7A1C2BDF-9E86-4E5D-ADF9-4B1F887377EE}.Release|Any CPU.ActiveCfg = Release|Any CPU
		{7A1C2BDF-9E86-4E5D-ADF9-4B1F887377EE}.Release|Any CPU.Build.0 = Release|Any CPU
	EndGlobalSection
	GlobalSection(SolutionProperties) = preSolution
		HideSolutionNode = FALSE
	EndGlobalSection
	GlobalSection(ExtensibilityGlobals) = postSolution
		SolutionGuid = {6C31F01C-6FD5-4216-879A-8E261B0DB4F8}
	EndGlobalSection
EndGlobal
